
Microsoft Visual Studio Solution File, Format Version 12.00
# Visual Studio Version 17
VisualStudioVersion = 17.9.34616.47
MinimumVisualStudioVersion = 10.0.40219.1
Project("{2150E333-8FDC-42A3-9474-1A3956D46DE8}") = "src", "src", "{6DBB3E3C-978C-4025-821F-5B65ADCFABA7}"
EndProject
Project("{2150E333-8FDC-42A3-9474-1A3956D46DE8}") = "Solution Items", "Solution Items", "{0621EDC1-C3C4-49CB-9459-EB850223292C}"
	ProjectSection(SolutionItems) = preProject
		README.md = README.md
		ServiceUrls.txt = ServiceUrls.txt
	EndProjectSection
EndProject
Project("{2150E333-8FDC-42A3-9474-1A3956D46DE8}") = "ApiGateways", "ApiGateways", "{AA6A4C07-4655-412E-A49F-FF2C3F0F9C65}"
EndProject
Project("{2150E333-8FDC-42A3-9474-1A3956D46DE8}") = "BuildingBlocks", "BuildingBlocks", "{1E1131EB-E28D-4BFF-B9B0-BDAEC8193009}"
EndProject
Project("{2150E333-8FDC-42A3-9474-1A3956D46DE8}") = "Services", "Services", "{F44A1C16-E3BE-4BAE-9ABD-71BFCB8A48A2}"
EndProject
Project("{2150E333-8FDC-42A3-9474-1A3956D46DE8}") = "Clients", "Clients", "{19EBDEAB-E6F3-430C-A48B-EA524732368B}"
EndProject
Project("{2150E333-8FDC-42A3-9474-1A3956D46DE8}") = "WebApiGateway", "WebApiGateway", "{61B2E0EC-2279-43D1-A223-3F9944F14755}"
EndProject
Project("{9A19103F-16F7-4668-BE54-9A1E7A4F7556}") = "Web.ApiGateway", "src\ApiGateways\WabApiGateway\Web.ApiGateway\Web.ApiGateway.csproj", "{F2D61D52-B546-4CD0-AA38-2A26379BE36D}"
EndProject
Project("{2150E333-8FDC-42A3-9474-1A3956D46DE8}") = "EventBus", "EventBus", "{2E9B2F5F-FD7E-481C-9BF7-223CAE7DBDD6}"
EndProject
Project("{9A19103F-16F7-4668-BE54-9A1E7A4F7556}") = "EventBus.Base", "src\BuildingBlocks\EventBus\EventBus.Base\EventBus.Base.csproj", "{BEADE3EC-B524-4362-80FF-44A1DE82EA57}"
EndProject
Project("{9A19103F-16F7-4668-BE54-9A1E7A4F7556}") = "EventBus.Factory", "src\BuildingBlocks\EventBus\EventBus.Factory\EventBus.Factory.csproj", "{32439B57-773E-4B75-AD9F-45A2AFE27BD1}"
EndProject
Project("{9A19103F-16F7-4668-BE54-9A1E7A4F7556}") = "EventBus.AzureServiceBus", "src\BuildingBlocks\EventBus\EventBus.AzureServiceBus\EventBus.AzureServiceBus.csproj", "{FD6083EF-ACE7-43C3-9D48-9A6A92718228}"
EndProject
Project("{9A19103F-16F7-4668-BE54-9A1E7A4F7556}") = "EventBus.RabbitMQ", "src\BuildingBlocks\EventBus\EventBus.RabbitMQ\EventBus.RabbitMQ.csproj", "{B842B8E9-6524-47C7-A955-E15F4DA8221A}"
EndProject
Project("{2150E333-8FDC-42A3-9474-1A3956D46DE8}") = "BlazorWebApp", "BlazorWebApp", "{2EDE82C5-F876-4C7B-AF7A-47140C93724C}"
EndProject
Project("{9A19103F-16F7-4668-BE54-9A1E7A4F7556}") = "Web.App", "Clients\BlazorWebApp\Web.App\Web.App.csproj", "{7357E10F-0A04-42B6-B78B-22961CD654A0}"
EndProject
Project("{2150E333-8FDC-42A3-9474-1A3956D46DE8}") = "BasketService", "BasketService", "{BF747C32-0505-47CE-B8EB-F05BF7A35909}"
EndProject
Project("{2150E333-8FDC-42A3-9474-1A3956D46DE8}") = "OrderService", "OrderService", "{7FB57AED-7265-486E-843F-24B04436A6E4}"
EndProject
Project("{2150E333-8FDC-42A3-9474-1A3956D46DE8}") = "CatalogService", "CatalogService", "{B3C1D8AC-DB0A-487B-A5DA-8B71225DBBB3}"
EndProject
Project("{9A19103F-16F7-4668-BE54-9A1E7A4F7556}") = "BasketService.Api", "src\Services\BasketService\BasketService.Api\BasketService.Api.csproj", "{4F56D404-103F-4493-ABF2-8920A3B87C1D}"
EndProject
Project("{FAE04EC0-301F-11D3-BF4B-00C04F79EFBC}") = "CatalogService.Api", "src\Services\CatalogService\CatalogService.Api\CatalogService.Api.csproj", "{4410EE1A-0EE9-4C35-9007-0AC6296925BD}"
EndProject
Project("{2150E333-8FDC-42A3-9474-1A3956D46DE8}") = "IdentityService", "IdentityService", "{2EF35F67-5588-40D3-8266-5B94ABFDDEE8}"
EndProject
Project("{FAE04EC0-301F-11D3-BF4B-00C04F79EFBC}") = "IdentityService.Api", "src\Services\IdentityService\IdentityService.Api\IdentityService.Api.csproj", "{6CB0ABD5-41CD-4723-8767-7DA9A8E5EB7C}"
EndProject
Project("{2150E333-8FDC-42A3-9474-1A3956D46DE8}") = "NotificationService", "NotificationService", "{2057A100-BE15-40B3-BC93-7882AF6EED88}"
EndProject
Project("{FAE04EC0-301F-11D3-BF4B-00C04F79EFBC}") = "NotificationService", "src\Services\NotificationService\NotificationService\NotificationService.csproj", "{5848A657-DBF7-4F3D-A603-6F623AF554E0}"
EndProject
Project("{FAE04EC0-301F-11D3-BF4B-00C04F79EFBC}") = "OrderService.Domain", "src\Services\OrderService\OrderService.Domain\OrderService.Domain.csproj", "{79B9386C-7B35-4CD6-A152-630BF300BDED}"
EndProject
Project("{FAE04EC0-301F-11D3-BF4B-00C04F79EFBC}") = "OrderService.Application", "src\Services\OrderService\OrderService.Application\OrderService.Application.csproj", "{6988C277-D150-4D5B-9C3C-15EA467A1A53}"
EndProject
Project("{FAE04EC0-301F-11D3-BF4B-00C04F79EFBC}") = "OrderService.Infrastructure", "src\Services\OrderService\OrderService.Infrastructure\OrderService.Infrastructure.csproj", "{B3ED4DCF-0BEF-4287-AE73-1CA89B85E879}"
EndProject
Project("{FAE04EC0-301F-11D3-BF4B-00C04F79EFBC}") = "OrderService.Api", "src\Services\OrderService\OrderService.Api\OrderService.Api.csproj", "{57E7D770-6F31-4BE4-99DA-700F9A11D752}"
EndProject
Project("{2150E333-8FDC-42A3-9474-1A3956D46DE8}") = "PaymentService", "PaymentService", "{4229FA0A-A2B0-4108-BC02-6652EB42A277}"
EndProject
Project("{FAE04EC0-301F-11D3-BF4B-00C04F79EFBC}") = "PaymentService.Api", "src\Services\PaymentService\PaymentService.Api\PaymentService.Api.csproj", "{A515AA44-72A5-45ED-86DE-6482917D1855}"
EndProject
Global
	GlobalSection(SolutionConfigurationPlatforms) = preSolution
		Debug|Any CPU = Debug|Any CPU
		Release|Any CPU = Release|Any CPU
	EndGlobalSection
	GlobalSection(ProjectConfigurationPlatforms) = postSolution
		{F2D61D52-B546-4CD0-AA38-2A26379BE36D}.Debug|Any CPU.ActiveCfg = Debug|Any CPU
		{F2D61D52-B546-4CD0-AA38-2A26379BE36D}.Debug|Any CPU.Build.0 = Debug|Any CPU
		{F2D61D52-B546-4CD0-AA38-2A26379BE36D}.Release|Any CPU.ActiveCfg = Release|Any CPU
		{F2D61D52-B546-4CD0-AA38-2A26379BE36D}.Release|Any CPU.Build.0 = Release|Any CPU
		{BEADE3EC-B524-4362-80FF-44A1DE82EA57}.Debug|Any CPU.ActiveCfg = Debug|Any CPU
		{BEADE3EC-B524-4362-80FF-44A1DE82EA57}.Debug|Any CPU.Build.0 = Debug|Any CPU
		{BEADE3EC-B524-4362-80FF-44A1DE82EA57}.Release|Any CPU.ActiveCfg = Release|Any CPU
		{BEADE3EC-B524-4362-80FF-44A1DE82EA57}.Release|Any CPU.Build.0 = Release|Any CPU
		{32439B57-773E-4B75-AD9F-45A2AFE27BD1}.Debug|Any CPU.ActiveCfg = Debug|Any CPU
		{32439B57-773E-4B75-AD9F-45A2AFE27BD1}.Debug|Any CPU.Build.0 = Debug|Any CPU
		{32439B57-773E-4B75-AD9F-45A2AFE27BD1}.Release|Any CPU.ActiveCfg = Release|Any CPU
		{32439B57-773E-4B75-AD9F-45A2AFE27BD1}.Release|Any CPU.Build.0 = Release|Any CPU
		{FD6083EF-ACE7-43C3-9D48-9A6A92718228}.Debug|Any CPU.ActiveCfg = Debug|Any CPU
		{FD6083EF-ACE7-43C3-9D48-9A6A92718228}.Debug|Any CPU.Build.0 = Debug|Any CPU
		{FD6083EF-ACE7-43C3-9D48-9A6A92718228}.Release|Any CPU.ActiveCfg = Release|Any CPU
		{FD6083EF-ACE7-43C3-9D48-9A6A92718228}.Release|Any CPU.Build.0 = Release|Any CPU
		{B842B8E9-6524-47C7-A955-E15F4DA8221A}.Debug|Any CPU.ActiveCfg = Debug|Any CPU
		{B842B8E9-6524-47C7-A955-E15F4DA8221A}.Debug|Any CPU.Build.0 = Debug|Any CPU
		{B842B8E9-6524-47C7-A955-E15F4DA8221A}.Release|Any CPU.ActiveCfg = Release|Any CPU
		{B842B8E9-6524-47C7-A955-E15F4DA8221A}.Release|Any CPU.Build.0 = Release|Any CPU
		{7357E10F-0A04-42B6-B78B-22961CD654A0}.Debug|Any CPU.ActiveCfg = Debug|Any CPU
		{7357E10F-0A04-42B6-B78B-22961CD654A0}.Debug|Any CPU.Build.0 = Debug|Any CPU
		{7357E10F-0A04-42B6-B78B-22961CD654A0}.Release|Any CPU.ActiveCfg = Release|Any CPU
		{7357E10F-0A04-42B6-B78B-22961CD654A0}.Release|Any CPU.Build.0 = Release|Any CPU
		{4F56D404-103F-4493-ABF2-8920A3B87C1D}.Debug|Any CPU.ActiveCfg = Debug|Any CPU
		{4F56D404-103F-4493-ABF2-8920A3B87C1D}.Debug|Any CPU.Build.0 = Debug|Any CPU
		{4F56D404-103F-4493-ABF2-8920A3B87C1D}.Release|Any CPU.ActiveCfg = Release|Any CPU
		{4F56D404-103F-4493-ABF2-8920A3B87C1D}.Release|Any CPU.Build.0 = Release|Any CPU
		{4410EE1A-0EE9-4C35-9007-0AC6296925BD}.Debug|Any CPU.ActiveCfg = Debug|Any CPU
		{4410EE1A-0EE9-4C35-9007-0AC6296925BD}.Debug|Any CPU.Build.0 = Debug|Any CPU
		{4410EE1A-0EE9-4C35-9007-0AC6296925BD}.Release|Any CPU.ActiveCfg = Release|Any CPU
		{4410EE1A-0EE9-4C35-9007-0AC6296925BD}.Release|Any CPU.Build.0 = Release|Any CPU
		{6CB0ABD5-41CD-4723-8767-7DA9A8E5EB7C}.Debug|Any CPU.ActiveCfg = Debug|Any CPU
		{6CB0ABD5-41CD-4723-8767-7DA9A8E5EB7C}.Debug|Any CPU.Build.0 = Debug|Any CPU
		{6CB0ABD5-41CD-4723-8767-7DA9A8E5EB7C}.Release|Any CPU.ActiveCfg = Release|Any CPU
		{6CB0ABD5-41CD-4723-8767-7DA9A8E5EB7C}.Release|Any CPU.Build.0 = Release|Any CPU
		{5848A657-DBF7-4F3D-A603-6F623AF554E0}.Debug|Any CPU.ActiveCfg = Debug|Any CPU
		{5848A657-DBF7-4F3D-A603-6F623AF554E0}.Debug|Any CPU.Build.0 = Debug|Any CPU
		{5848A657-DBF7-4F3D-A603-6F623AF554E0}.Release|Any CPU.ActiveCfg = Release|Any CPU
		{5848A657-DBF7-4F3D-A603-6F623AF554E0}.Release|Any CPU.Build.0 = Release|Any CPU
		{79B9386C-7B35-4CD6-A152-630BF300BDED}.Debug|Any CPU.ActiveCfg = Debug|Any CPU
		{79B9386C-7B35-4CD6-A152-630BF300BDED}.Debug|Any CPU.Build.0 = Debug|Any CPU
		{79B9386C-7B35-4CD6-A152-630BF300BDED}.Release|Any CPU.ActiveCfg = Release|Any CPU
		{79B9386C-7B35-4CD6-A152-630BF300BDED}.Release|Any CPU.Build.0 = Release|Any CPU
		{6988C277-D150-4D5B-9C3C-15EA467A1A53}.Debug|Any CPU.ActiveCfg = Debug|Any CPU
		{6988C277-D150-4D5B-9C3C-15EA467A1A53}.Debug|Any CPU.Build.0 = Debug|Any CPU
		{6988C277-D150-4D5B-9C3C-15EA467A1A53}.Release|Any CPU.ActiveCfg = Release|Any CPU
		{6988C277-D150-4D5B-9C3C-15EA467A1A53}.Release|Any CPU.Build.0 = Release|Any CPU
		{B3ED4DCF-0BEF-4287-AE73-1CA89B85E879}.Debug|Any CPU.ActiveCfg = Debug|Any CPU
		{B3ED4DCF-0BEF-4287-AE73-1CA89B85E879}.Debug|Any CPU.Build.0 = Debug|Any CPU
		{B3ED4DCF-0BEF-4287-AE73-1CA89B85E879}.Release|Any CPU.ActiveCfg = Release|Any CPU
		{B3ED4DCF-0BEF-4287-AE73-1CA89B85E879}.Release|Any CPU.Build.0 = Release|Any CPU
		{57E7D770-6F31-4BE4-99DA-700F9A11D752}.Debug|Any CPU.ActiveCfg = Debug|Any CPU
		{57E7D770-6F31-4BE4-99DA-700F9A11D752}.Debug|Any CPU.Build.0 = Debug|Any CPU
		{57E7D770-6F31-4BE4-99DA-700F9A11D752}.Release|Any CPU.ActiveCfg = Release|Any CPU
		{57E7D770-6F31-4BE4-99DA-700F9A11D752}.Release|Any CPU.Build.0 = Release|Any CPU
		{A515AA44-72A5-45ED-86DE-6482917D1855}.Debug|Any CPU.ActiveCfg = Debug|Any CPU
		{A515AA44-72A5-45ED-86DE-6482917D1855}.Debug|Any CPU.Build.0 = Debug|Any CPU
		{A515AA44-72A5-45ED-86DE-6482917D1855}.Release|Any CPU.ActiveCfg = Release|Any CPU
		{A515AA44-72A5-45ED-86DE-6482917D1855}.Release|Any CPU.Build.0 = Release|Any CPU
	EndGlobalSection
	GlobalSection(SolutionProperties) = preSolution
		HideSolutionNode = FALSE
	EndGlobalSection
	GlobalSection(NestedProjects) = preSolution
		{AA6A4C07-4655-412E-A49F-FF2C3F0F9C65} = {6DBB3E3C-978C-4025-821F-5B65ADCFABA7}
		{1E1131EB-E28D-4BFF-B9B0-BDAEC8193009} = {6DBB3E3C-978C-4025-821F-5B65ADCFABA7}
		{F44A1C16-E3BE-4BAE-9ABD-71BFCB8A48A2} = {6DBB3E3C-978C-4025-821F-5B65ADCFABA7}
		{19EBDEAB-E6F3-430C-A48B-EA524732368B} = {6DBB3E3C-978C-4025-821F-5B65ADCFABA7}
		{61B2E0EC-2279-43D1-A223-3F9944F14755} = {AA6A4C07-4655-412E-A49F-FF2C3F0F9C65}
		{F2D61D52-B546-4CD0-AA38-2A26379BE36D} = {61B2E0EC-2279-43D1-A223-3F9944F14755}
		{2E9B2F5F-FD7E-481C-9BF7-223CAE7DBDD6} = {1E1131EB-E28D-4BFF-B9B0-BDAEC8193009}
		{BEADE3EC-B524-4362-80FF-44A1DE82EA57} = {2E9B2F5F-FD7E-481C-9BF7-223CAE7DBDD6}
		{32439B57-773E-4B75-AD9F-45A2AFE27BD1} = {2E9B2F5F-FD7E-481C-9BF7-223CAE7DBDD6}
		{FD6083EF-ACE7-43C3-9D48-9A6A92718228} = {2E9B2F5F-FD7E-481C-9BF7-223CAE7DBDD6}
		{B842B8E9-6524-47C7-A955-E15F4DA8221A} = {2E9B2F5F-FD7E-481C-9BF7-223CAE7DBDD6}
		{2EDE82C5-F876-4C7B-AF7A-47140C93724C} = {19EBDEAB-E6F3-430C-A48B-EA524732368B}
		{7357E10F-0A04-42B6-B78B-22961CD654A0} = {2EDE82C5-F876-4C7B-AF7A-47140C93724C}
		{BF747C32-0505-47CE-B8EB-F05BF7A35909} = {F44A1C16-E3BE-4BAE-9ABD-71BFCB8A48A2}
		{7FB57AED-7265-486E-843F-24B04436A6E4} = {F44A1C16-E3BE-4BAE-9ABD-71BFCB8A48A2}
		{B3C1D8AC-DB0A-487B-A5DA-8B71225DBBB3} = {F44A1C16-E3BE-4BAE-9ABD-71BFCB8A48A2}
		{4F56D404-103F-4493-ABF2-8920A3B87C1D} = {BF747C32-0505-47CE-B8EB-F05BF7A35909}
		{4410EE1A-0EE9-4C35-9007-0AC6296925BD} = {B3C1D8AC-DB0A-487B-A5DA-8B71225DBBB3}
		{2EF35F67-5588-40D3-8266-5B94ABFDDEE8} = {F44A1C16-E3BE-4BAE-9ABD-71BFCB8A48A2}
		{6CB0ABD5-41CD-4723-8767-7DA9A8E5EB7C} = {2EF35F67-5588-40D3-8266-5B94ABFDDEE8}
		{2057A100-BE15-40B3-BC93-7882AF6EED88} = {F44A1C16-E3BE-4BAE-9ABD-71BFCB8A48A2}
		{5848A657-DBF7-4F3D-A603-6F623AF554E0} = {2057A100-BE15-40B3-BC93-7882AF6EED88}
		{79B9386C-7B35-4CD6-A152-630BF300BDED} = {7FB57AED-7265-486E-843F-24B04436A6E4}
		{6988C277-D150-4D5B-9C3C-15EA467A1A53} = {7FB57AED-7265-486E-843F-24B04436A6E4}
		{B3ED4DCF-0BEF-4287-AE73-1CA89B85E879} = {7FB57AED-7265-486E-843F-24B04436A6E4}
		{57E7D770-6F31-4BE4-99DA-700F9A11D752} = {7FB57AED-7265-486E-843F-24B04436A6E4}
		{4229FA0A-A2B0-4108-BC02-6652EB42A277} = {F44A1C16-E3BE-4BAE-9ABD-71BFCB8A48A2}
		{A515AA44-72A5-45ED-86DE-6482917D1855} = {4229FA0A-A2B0-4108-BC02-6652EB42A277}
	EndGlobalSection
	GlobalSection(ExtensibilityGlobals) = postSolution
		SolutionGuid = {712228B1-9BDA-4DD0-961E-CF3F002BDF37}
	EndGlobalSection
EndGlobal
